
Microsoft Visual Studio Solution File, Format Version 12.00
# Visual Studio Version 16
VisualStudioVersion = 16.0.31306.274
MinimumVisualStudioVersion = 10.0.40219.1
Project("{9A19103F-16F7-4668-BE54-9A1E7A4F7556}") = "345 Launcher - Core", "345 Launcher - Core\345 Launcher - Core.csproj", "{C759881A-E04E-4EEB-AFEF-5B9344328CDD}"
EndProject
Project("{9A19103F-16F7-4668-BE54-9A1E7A4F7556}") = "345 Launcher - App", "345 Launcher - App\345 Launcher - App.csproj", "{24BE0D59-B041-4752-9E9C-09999CE20713}"
EndProject
Global
	GlobalSection(SolutionConfigurationPlatforms) = preSolution
		Debug|Any CPU = Debug|Any CPU
		Release|Any CPU = Release|Any CPU
	EndGlobalSection
	GlobalSection(ProjectConfigurationPlatforms) = postSolution
		{C759881A-E04E-4EEB-AFEF-5B9344328CDD}.Debug|Any CPU.ActiveCfg = Debug|Any CPU
		{C759881A-E04E-4EEB-AFEF-5B9344328CDD}.Debug|Any CPU.Build.0 = Debug|Any CPU
		{C759881A-E04E-4EEB-AFEF-5B9344328CDD}.Release|Any CPU.ActiveCfg = Release|Any CPU
		{C759881A-E04E-4EEB-AFEF-5B9344328CDD}.Release|Any CPU.Build.0 = Release|Any CPU
		{24BE0D59-B041-4752-9E9C-09999CE20713}.Debug|Any CPU.ActiveCfg = Debug|Any CPU
		{24BE0D59-B041-4752-9E9C-09999CE20713}.Debug|Any CPU.Build.0 = Debug|Any CPU
		{24BE0D59-B041-4752-9E9C-09999CE20713}.Release|Any CPU.ActiveCfg = Release|Any CPU
		{24BE0D59-B041-4752-9E9C-09999CE20713}.Release|Any CPU.Build.0 = Release|Any CPU
	EndGlobalSection
	GlobalSection(SolutionProperties) = preSolution
		HideSolutionNode = FALSE
	EndGlobalSection
	GlobalSection(ExtensibilityGlobals) = postSolution
		SolutionGuid = {B722B7CE-4C89-497B-A1AD-D7B907CFAB88}
	EndGlobalSection
EndGlobal
